# This file is automatically @generated by Cargo.
# It is not intended for manual editing.
version = 3

[[package]]
name = "hm"
version = "0.1.0"
dependencies = [
 "windows",
]

[[package]]
name = "proc-macro2"
version = "1.0.79"
source = "registry+https://github.com/rust-lang/crates.io-index"
checksum = "e835ff2298f5721608eb1a980ecaee1aef2c132bf95ecc026a11b7bf3c01c02e"
dependencies = [
 "unicode-ident",
]

[[package]]
name = "quote"
version = "1.0.36"
source = "registry+https://github.com/rust-lang/crates.io-index"
checksum = "0fa76aaf39101c457836aec0ce2316dbdc3ab723cdda1c6bd4e6ad4208acaca7"
dependencies = [
 "proc-macro2",
]

[[package]]
name = "syn"
version = "2.0.58"
source = "registry+https://github.com/rust-lang/crates.io-index"
checksum = "44cfb93f38070beee36b3fef7d4f5a16f27751d94b187b666a5cc5e9b0d30687"
dependencies = [
 "proc-macro2",
 "quote",
 "unicode-ident",
]

[[package]]
name = "unicode-ident"
version = "1.0.12"
source = "registry+https://github.com/rust-lang/crates.io-index"
checksum = "3354b9ac3fae1ff6755cb6db53683adb661634f67557942dea4facebec0fee4b"

[[package]]
name = "windows"
version = "0.56.0"
source = "git+https://github.com/microsoft/windows-rs/?rev=ae896c59e4d05895cb17d3b2c3c7c56ccac47207#ae896c59e4d05895cb17d3b2c3c7c56ccac47207"
dependencies = [
 "windows-core",
 "windows-targets",
]

[[package]]
name = "windows-core"
version = "0.56.0"
source = "git+https://github.com/microsoft/windows-rs/?rev=ae896c59e4d05895cb17d3b2c3c7c56ccac47207#ae896c59e4d05895cb17d3b2c3c7c56ccac47207"
dependencies = [
 "windows-implement",
 "windows-interface",
 "windows-result",
 "windows-targets",
]

[[package]]
name = "windows-implement"
version = "0.56.0"
source = "git+https://github.com/microsoft/windows-rs/?rev=ae896c59e4d05895cb17d3b2c3c7c56ccac47207#ae896c59e4d05895cb17d3b2c3c7c56ccac47207"
dependencies = [
 "proc-macro2",
 "quote",
 "syn",
]

[[package]]
name = "windows-interface"
version = "0.56.0"
source = "git+https://github.com/microsoft/windows-rs/?rev=ae896c59e4d05895cb17d3b2c3c7c56ccac47207#ae896c59e4d05895cb17d3b2c3c7c56ccac47207"
dependencies = [
 "proc-macro2",
 "quote",
 "syn",
]

[[package]]
name = "windows-result"
version = "0.1.1"
source = "git+https://github.com/microsoft/windows-rs/?rev=ae896c59e4d05895cb17d3b2c3c7c56ccac47207#ae896c59e4d05895cb17d3b2c3c7c56ccac47207"
dependencies = [
 "windows-targets",
]

[[package]]
name = "windows-targets"
version = "0.52.5"
source = "git+https://github.com/microsoft/windows-rs/?rev=ae896c59e4d05895cb17d3b2c3c7c56ccac47207#ae896c59e4d05895cb17d3b2c3c7c56ccac47207"
dependencies = [
 "windows_aarch64_gnullvm",
 "windows_aarch64_msvc",
 "windows_i686_gnu",
 "windows_i686_gnullvm",
 "windows_i686_msvc",
 "windows_x86_64_gnu",
 "windows_x86_64_gnullvm",
 "windows_x86_64_msvc",
]

[[package]]
name = "windows_aarch64_gnullvm"
version = "0.52.5"
source = "git+https://github.com/microsoft/windows-rs/?rev=ae896c59e4d05895cb17d3b2c3c7c56ccac47207#ae896c59e4d05895cb17d3b2c3c7c56ccac47207"

[[package]]
name = "windows_aarch64_msvc"
version = "0.52.5"
source = "git+https://github.com/microsoft/windows-rs/?rev=ae896c59e4d05895cb17d3b2c3c7c56ccac47207#ae896c59e4d05895cb17d3b2c3c7c56ccac47207"

[[package]]
name = "windows_i686_gnu"
version = "0.52.5"
source = "git+https://github.com/microsoft/windows-rs/?rev=ae896c59e4d05895cb17d3b2c3c7c56ccac47207#ae896c59e4d05895cb17d3b2c3c7c56ccac47207"

[[package]]
name = "windows_i686_gnullvm"
version = "0.52.5"
source = "git+https://github.com/microsoft/windows-rs/?rev=ae896c59e4d05895cb17d3b2c3c7c56ccac47207#ae896c59e4d05895cb17d3b2c3c7c56ccac47207"

[[package]]
name = "windows_i686_msvc"
version = "0.52.5"
source = "git+https://github.com/microsoft/windows-rs/?rev=ae896c59e4d05895cb17d3b2c3c7c56ccac47207#ae896c59e4d05895cb17d3b2c3c7c56ccac47207"

[[package]]
name = "windows_x86_64_gnu"
version = "0.52.5"
source = "git+https://github.com/microsoft/windows-rs/?rev=ae896c59e4d05895cb17d3b2c3c7c56ccac47207#ae896c59e4d05895cb17d3b2c3c7c56ccac47207"

[[package]]
name = "windows_x86_64_gnullvm"
version = "0.52.5"
source = "git+https://github.com/microsoft/windows-rs/?rev=ae896c59e4d05895cb17d3b2c3c7c56ccac47207#ae896c59e4d05895cb17d3b2c3c7c56ccac47207"

[[package]]
name = "windows_x86_64_msvc"
version = "0.52.5"
source = "git+https://github.com/microsoft/windows-rs/?rev=ae896c59e4d05895cb17d3b2c3c7c56ccac47207#ae896c59e4d05895cb17d3b2c3c7c56ccac47207"
